// !$*UTF8*$!
{
	archiveVersion = 1;
	classes = {
	};
	objectVersion = 46;
	objects = {

/* Begin PBXBuildFile section */
		7A470FFD1BE4589D00EAB9D7 /* AppDelegate.m in Sources */ = {isa = PBXBuildFile; fileRef = 7A470FFC1BE4589D00EAB9D7 /* AppDelegate.m */; };
		7A4710081BE4589D00EAB9D7 /* Assets.xcassets in Resources */ = {isa = PBXBuildFile; fileRef = 7A4710071BE4589D00EAB9D7 /* Assets.xcassets */; };
		7A4710171BE461FB00EAB9D7 /* CoreDataManager.m in Sources */ = {isa = PBXBuildFile; fileRef = 7A4710161BE461FB00EAB9D7 /* CoreDataManager.m */; settings = {ASSET_TAGS = (); }; };
		7A47101A1BE4622E00EAB9D7 /* MasterServices.xcdatamodeld in Sources */ = {isa = PBXBuildFile; fileRef = 7A4710181BE4622E00EAB9D7 /* MasterServices.xcdatamodeld */; settings = {ASSET_TAGS = (); }; };
		7A47102C1BE463FD00EAB9D7 /* main.m in Sources */ = {isa = PBXBuildFile; fileRef = 7A47102A1BE463FD00EAB9D7 /* main.m */; settings = {ASSET_TAGS = (); }; };
		7A4710301BE4646800EAB9D7 /* Main.storyboard in Resources */ = {isa = PBXBuildFile; fileRef = 7A47102E1BE4646800EAB9D7 /* Main.storyboard */; settings = {ASSET_TAGS = (); }; };
		7A4710311BE4646800EAB9D7 /* LaunchScreen.storyboard in Resources */ = {isa = PBXBuildFile; fileRef = 7A47102F1BE4646800EAB9D7 /* LaunchScreen.storyboard */; settings = {ASSET_TAGS = (); }; };
		7A4710481BE465D400EAB9D7 /* APService+CoreDataProperties.m in Sources */ = {isa = PBXBuildFile; fileRef = 7A4710411BE465D400EAB9D7 /* APService+CoreDataProperties.m */; settings = {ASSET_TAGS = (); }; };
		7A4710491BE465D400EAB9D7 /* APService.m in Sources */ = {isa = PBXBuildFile; fileRef = 7A4710431BE465D400EAB9D7 /* APService.m */; settings = {ASSET_TAGS = (); }; };
		7A47104A1BE465D400EAB9D7 /* APMaster+CoreDataProperties.m in Sources */ = {isa = PBXBuildFile; fileRef = 7A4710451BE465D400EAB9D7 /* APMaster+CoreDataProperties.m */; settings = {ASSET_TAGS = (); }; };
		7A47104B1BE465D400EAB9D7 /* APMaster.m in Sources */ = {isa = PBXBuildFile; fileRef = 7A4710471BE465D400EAB9D7 /* APMaster.m */; settings = {ASSET_TAGS = (); }; };
		7A47104E1BE4662900EAB9D7 /* StoryboardConstants.m in Sources */ = {isa = PBXBuildFile; fileRef = 7A47104D1BE4662900EAB9D7 /* StoryboardConstants.m */; settings = {ASSET_TAGS = (); }; };
		7A4710551BE46C3F00EAB9D7 /* APMastersList.m in Sources */ = {isa = PBXBuildFile; fileRef = 7A4710541BE46C3F00EAB9D7 /* APMastersList.m */; settings = {ASSET_TAGS = (); }; };
		7A4710581BE46C5600EAB9D7 /* APMastersListModel.m in Sources */ = {isa = PBXBuildFile; fileRef = 7A4710571BE46C5600EAB9D7 /* APMastersListModel.m */; settings = {ASSET_TAGS = (); }; };
		7A47105C1BE47A3D00EAB9D7 /* APServiceListModel.m in Sources */ = {isa = PBXBuildFile; fileRef = 7A47105B1BE47A3D00EAB9D7 /* APServiceListModel.m */; settings = {ASSET_TAGS = (); }; };
		7A47105F1BE47A5400EAB9D7 /* APServiceList.m in Sources */ = {isa = PBXBuildFile; fileRef = 7A47105E1BE47A5400EAB9D7 /* APServiceList.m */; settings = {ASSET_TAGS = (); }; };
		7A4710691BE4806800EAB9D7 /* APServiceListCell.m in Sources */ = {isa = PBXBuildFile; fileRef = 7A4710681BE4806800EAB9D7 /* APServiceListCell.m */; settings = {ASSET_TAGS = (); }; };
		7A47106D1BE4892200EAB9D7 /* APNewService.m in Sources */ = {isa = PBXBuildFile; fileRef = 7A47106C1BE4892200EAB9D7 /* APNewService.m */; settings = {ASSET_TAGS = (); }; };
		7AFFBB6C1BE57D590057F135 /* APNewServiceCell.m in Sources */ = {isa = PBXBuildFile; fileRef = 7AFFBB6B1BE57D590057F135 /* APNewServiceCell.m */; settings = {ASSET_TAGS = (); }; };
		890756C4817DB6EE9A13FB8C /* libPods.a in Frameworks */ = {isa = PBXBuildFile; fileRef = FED73E5F2EE316BE9F2F7D27 /* libPods.a */; };
/* End PBXBuildFile section */

/* Begin PBXFileReference section */
		7A470FF51BE4589D00EAB9D7 /* MasterServices.app */ = {isa = PBXFileReference; explicitFileType = wrapper.application; includeInIndex = 0; path = MasterServices.app; sourceTree = BUILT_PRODUCTS_DIR; };
		7A470FFB1BE4589D00EAB9D7 /* AppDelegate.h */ = {isa = PBXFileReference; lastKnownFileType = sourcecode.c.h; path = AppDelegate.h; sourceTree = "<group>"; };
		7A470FFC1BE4589D00EAB9D7 /* AppDelegate.m */ = {isa = PBXFileReference; lastKnownFileType = sourcecode.c.objc; path = AppDelegate.m; sourceTree = "<group>"; };
		7A4710071BE4589D00EAB9D7 /* Assets.xcassets */ = {isa = PBXFileReference; lastKnownFileType = folder.assetcatalog; path = Assets.xcassets; sourceTree = "<group>"; };
		7A4710151BE461FB00EAB9D7 /* CoreDataManager.h */ = {isa = PBXFileReference; fileEncoding = 4; lastKnownFileType = sourcecode.c.h; name = CoreDataManager.h; path = CoreData/CoreDataManager.h; sourceTree = "<group>"; };
		7A4710161BE461FB00EAB9D7 /* CoreDataManager.m */ = {isa = PBXFileReference; fileEncoding = 4; lastKnownFileType = sourcecode.c.objc; name = CoreDataManager.m; path = CoreData/CoreDataManager.m; sourceTree = "<group>"; };
		7A4710191BE4622E00EAB9D7 /* MasterServices.xcdatamodel */ = {isa = PBXFileReference; lastKnownFileType = wrapper.xcdatamodel; path = MasterServices.xcdatamodel; sourceTree = "<group>"; };
		7A4710281BE463DB00EAB9D7 /* MasterServices.pch */ = {isa = PBXFileReference; lastKnownFileType = sourcecode.c.h; name = MasterServices.pch; path = "Supporting Files/MasterServices.pch"; sourceTree = "<group>"; };
		7A4710291BE463FD00EAB9D7 /* Info.plist */ = {isa = PBXFileReference; fileEncoding = 4; lastKnownFileType = text.plist.xml; name = Info.plist; path = "Supporting Files/Info.plist"; sourceTree = "<group>"; };
		7A47102A1BE463FD00EAB9D7 /* main.m */ = {isa = PBXFileReference; fileEncoding = 4; lastKnownFileType = sourcecode.c.objc; name = main.m; path = "Supporting Files/main.m"; sourceTree = "<group>"; };
		7A47102E1BE4646800EAB9D7 /* Main.storyboard */ = {isa = PBXFileReference; fileEncoding = 4; lastKnownFileType = file.storyboard; name = Main.storyboard; path = Storyboard/Main.storyboard; sourceTree = "<group>"; };
		7A47102F1BE4646800EAB9D7 /* LaunchScreen.storyboard */ = {isa = PBXFileReference; fileEncoding = 4; lastKnownFileType = file.storyboard; name = LaunchScreen.storyboard; path = Storyboard/LaunchScreen.storyboard; sourceTree = "<group>"; };
		7A4710401BE465D400EAB9D7 /* APService+CoreDataProperties.h */ = {isa = PBXFileReference; fileEncoding = 4; lastKnownFileType = sourcecode.c.h; name = "APService+CoreDataProperties.h"; path = "CoreData/Entyties/APService+CoreDataProperties.h"; sourceTree = "<group>"; };
		7A4710411BE465D400EAB9D7 /* APService+CoreDataProperties.m */ = {isa = PBXFileReference; fileEncoding = 4; lastKnownFileType = sourcecode.c.objc; name = "APService+CoreDataProperties.m"; path = "CoreData/Entyties/APService+CoreDataProperties.m"; sourceTree = "<group>"; };
		7A4710421BE465D400EAB9D7 /* APService.h */ = {isa = PBXFileReference; fileEncoding = 4; lastKnownFileType = sourcecode.c.h; name = APService.h; path = CoreData/Entyties/APService.h; sourceTree = "<group>"; };
		7A4710431BE465D400EAB9D7 /* APService.m */ = {isa = PBXFileReference; fileEncoding = 4; lastKnownFileType = sourcecode.c.objc; name = APService.m; path = CoreData/Entyties/APService.m; sourceTree = "<group>"; };
		7A4710441BE465D400EAB9D7 /* APMaster+CoreDataProperties.h */ = {isa = PBXFileReference; fileEncoding = 4; lastKnownFileType = sourcecode.c.h; name = "APMaster+CoreDataProperties.h"; path = "CoreData/Entyties/APMaster+CoreDataProperties.h"; sourceTree = "<group>"; };
		7A4710451BE465D400EAB9D7 /* APMaster+CoreDataProperties.m */ = {isa = PBXFileReference; fileEncoding = 4; lastKnownFileType = sourcecode.c.objc; name = "APMaster+CoreDataProperties.m"; path = "CoreData/Entyties/APMaster+CoreDataProperties.m"; sourceTree = "<group>"; };
		7A4710461BE465D400EAB9D7 /* APMaster.h */ = {isa = PBXFileReference; fileEncoding = 4; lastKnownFileType = sourcecode.c.h; name = APMaster.h; path = CoreData/Entyties/APMaster.h; sourceTree = "<group>"; };
		7A4710471BE465D400EAB9D7 /* APMaster.m */ = {isa = PBXFileReference; fileEncoding = 4; lastKnownFileType = sourcecode.c.objc; name = APMaster.m; path = CoreData/Entyties/APMaster.m; sourceTree = "<group>"; };
		7A47104C1BE4662900EAB9D7 /* StoryboardConstants.h */ = {isa = PBXFileReference; fileEncoding = 4; lastKnownFileType = sourcecode.c.h; name = StoryboardConstants.h; path = "Supporting Files/Constants/StoryboardConstants.h"; sourceTree = "<group>"; };
		7A47104D1BE4662900EAB9D7 /* StoryboardConstants.m */ = {isa = PBXFileReference; fileEncoding = 4; lastKnownFileType = sourcecode.c.objc; name = StoryboardConstants.m; path = "Supporting Files/Constants/StoryboardConstants.m"; sourceTree = "<group>"; };
		7A4710531BE46C3F00EAB9D7 /* APMastersList.h */ = {isa = PBXFileReference; fileEncoding = 4; lastKnownFileType = sourcecode.c.h; name = APMastersList.h; path = Screens/MastersList/APMastersList.h; sourceTree = "<group>"; };
		7A4710541BE46C3F00EAB9D7 /* APMastersList.m */ = {isa = PBXFileReference; fileEncoding = 4; lastKnownFileType = sourcecode.c.objc; name = APMastersList.m; path = Screens/MastersList/APMastersList.m; sourceTree = "<group>"; };
		7A4710561BE46C5600EAB9D7 /* APMastersListModel.h */ = {isa = PBXFileReference; fileEncoding = 4; lastKnownFileType = sourcecode.c.h; name = APMastersListModel.h; path = Screens/MastersList/APMastersListModel.h; sourceTree = "<group>"; };
		7A4710571BE46C5600EAB9D7 /* APMastersListModel.m */ = {isa = PBXFileReference; fileEncoding = 4; lastKnownFileType = sourcecode.c.objc; name = APMastersListModel.m; path = Screens/MastersList/APMastersListModel.m; sourceTree = "<group>"; };
		7A47105A1BE47A3D00EAB9D7 /* APServiceListModel.h */ = {isa = PBXFileReference; fileEncoding = 4; lastKnownFileType = sourcecode.c.h; name = APServiceListModel.h; path = Screens/ServiceList/APServiceListModel.h; sourceTree = "<group>"; };
		7A47105B1BE47A3D00EAB9D7 /* APServiceListModel.m */ = {isa = PBXFileReference; fileEncoding = 4; lastKnownFileType = sourcecode.c.objc; name = APServiceListModel.m; path = Screens/ServiceList/APServiceListModel.m; sourceTree = "<group>"; };
		7A47105D1BE47A5400EAB9D7 /* APServiceList.h */ = {isa = PBXFileReference; fileEncoding = 4; lastKnownFileType = sourcecode.c.h; name = APServiceList.h; path = Screens/ServiceList/APServiceList.h; sourceTree = "<group>"; };
		7A47105E1BE47A5400EAB9D7 /* APServiceList.m */ = {isa = PBXFileReference; fileEncoding = 4; lastKnownFileType = sourcecode.c.objc; name = APServiceList.m; path = Screens/ServiceList/APServiceList.m; sourceTree = "<group>"; };
		7A4710671BE4806800EAB9D7 /* APServiceListCell.h */ = {isa = PBXFileReference; fileEncoding = 4; lastKnownFileType = sourcecode.c.h; name = APServiceListCell.h; path = Screens/ServiceList/ServiceListCell/APServiceListCell.h; sourceTree = "<group>"; };
		7A4710681BE4806800EAB9D7 /* APServiceListCell.m */ = {isa = PBXFileReference; fileEncoding = 4; lastKnownFileType = sourcecode.c.objc; name = APServiceListCell.m; path = Screens/ServiceList/ServiceListCell/APServiceListCell.m; sourceTree = "<group>"; };
		7A47106B1BE4892200EAB9D7 /* APNewService.h */ = {isa = PBXFileReference; fileEncoding = 4; lastKnownFileType = sourcecode.c.h; name = APNewService.h; path = Screens/NewService/APNewService.h; sourceTree = "<group>"; };
		7A47106C1BE4892200EAB9D7 /* APNewService.m */ = {isa = PBXFileReference; fileEncoding = 4; lastKnownFileType = sourcecode.c.objc; name = APNewService.m; path = Screens/NewService/APNewService.m; sourceTree = "<group>"; };
		7AFFBB6A1BE57D590057F135 /* APNewServiceCell.h */ = {isa = PBXFileReference; fileEncoding = 4; lastKnownFileType = sourcecode.c.h; name = APNewServiceCell.h; path = Screens/NewService/NewServiceCell/APNewServiceCell.h; sourceTree = "<group>"; };
		7AFFBB6B1BE57D590057F135 /* APNewServiceCell.m */ = {isa = PBXFileReference; fileEncoding = 4; lastKnownFileType = sourcecode.c.objc; name = APNewServiceCell.m; path = Screens/NewService/NewServiceCell/APNewServiceCell.m; sourceTree = "<group>"; };
		9AB252C9E3FEF89F80751B02 /* Pods.debug.xcconfig */ = {isa = PBXFileReference; includeInIndex = 1; lastKnownFileType = text.xcconfig; name = Pods.debug.xcconfig; path = "Pods/Target Support Files/Pods/Pods.debug.xcconfig"; sourceTree = "<group>"; };
		B7B4BB6423B48EAE146B75F8 /* Pods.release.xcconfig */ = {isa = PBXFileReference; includeInIndex = 1; lastKnownFileType = text.xcconfig; name = Pods.release.xcconfig; path = "Pods/Target Support Files/Pods/Pods.release.xcconfig"; sourceTree = "<group>"; };
		FED73E5F2EE316BE9F2F7D27 /* libPods.a */ = {isa = PBXFileReference; explicitFileType = archive.ar; includeInIndex = 0; path = libPods.a; sourceTree = BUILT_PRODUCTS_DIR; };
/* End PBXFileReference section */

/* Begin PBXFrameworksBuildPhase section */
		7A470FF21BE4589D00EAB9D7 /* Frameworks */ = {
			isa = PBXFrameworksBuildPhase;
			buildActionMask = 2147483647;
			files = (
				890756C4817DB6EE9A13FB8C /* libPods.a in Frameworks */,
			);
			runOnlyForDeploymentPostprocessing = 0;
		};
/* End PBXFrameworksBuildPhase section */

/* Begin PBXGroup section */
		6268420EA05D99258CCF829A /* Pods */ = {
			isa = PBXGroup;
			children = (
				9AB252C9E3FEF89F80751B02 /* Pods.debug.xcconfig */,
				B7B4BB6423B48EAE146B75F8 /* Pods.release.xcconfig */,
			);
			name = Pods;
			sourceTree = "<group>";
		};
		7A470FEC1BE4589D00EAB9D7 = {
			isa = PBXGroup;
			children = (
				7A470FF71BE4589D00EAB9D7 /* MasterServices */,
				7A470FF61BE4589D00EAB9D7 /* Products */,
				6268420EA05D99258CCF829A /* Pods */,
				E397F72B8BE6B7A5CE43CD33 /* Frameworks */,
			);
			sourceTree = "<group>";
		};
		7A470FF61BE4589D00EAB9D7 /* Products */ = {
			isa = PBXGroup;
			children = (
				7A470FF51BE4589D00EAB9D7 /* MasterServices.app */,
			);
			name = Products;
			sourceTree = "<group>";
		};
		7A470FF71BE4589D00EAB9D7 /* MasterServices */ = {
			isa = PBXGroup;
			children = (
				7A470FFB1BE4589D00EAB9D7 /* AppDelegate.h */,
				7A470FFC1BE4589D00EAB9D7 /* AppDelegate.m */,
				7A4710121BE4617400EAB9D7 /* Screens */,
				7A47102D1BE4640800EAB9D7 /* Storyboard */,
				7A4710141BE4619300EAB9D7 /* CoreData */,
				7A4710071BE4589D00EAB9D7 /* Assets.xcassets */,
				7A470FF81BE4589D00EAB9D7 /* Supporting Files */,
			);
			path = MasterServices;
			sourceTree = "<group>";
		};
		7A470FF81BE4589D00EAB9D7 /* Supporting Files */ = {
			isa = PBXGroup;
			children = (
				7A4710331BE464F200EAB9D7 /* Constants */,
				7A4710291BE463FD00EAB9D7 /* Info.plist */,
				7A47102A1BE463FD00EAB9D7 /* main.m */,
				7A4710281BE463DB00EAB9D7 /* MasterServices.pch */,
			);
			name = "Supporting Files";
			sourceTree = "<group>";
		};
		7A4710121BE4617400EAB9D7 /* Screens */ = {
			isa = PBXGroup;
			children = (
				7A4710591BE47A1F00EAB9D7 /* ServiceList */,
				7A47104F1BE46BDF00EAB9D7 /* MastersList */,
			);
			name = Screens;
			sourceTree = "<group>";
		};
		7A4710141BE4619300EAB9D7 /* CoreData */ = {
			isa = PBXGroup;
			children = (
				7A47101B1BE462E700EAB9D7 /* Entyties */,
				7A4710181BE4622E00EAB9D7 /* MasterServices.xcdatamodeld */,
				7A4710151BE461FB00EAB9D7 /* CoreDataManager.h */,
				7A4710161BE461FB00EAB9D7 /* CoreDataManager.m */,
			);
			name = CoreData;
			sourceTree = "<group>";
		};
		7A47101B1BE462E700EAB9D7 /* Entyties */ = {
			isa = PBXGroup;
			children = (
				7A4710401BE465D400EAB9D7 /* APService+CoreDataProperties.h */,
				7A4710411BE465D400EAB9D7 /* APService+CoreDataProperties.m */,
				7A4710421BE465D400EAB9D7 /* APService.h */,
				7A4710431BE465D400EAB9D7 /* APService.m */,
				7A4710441BE465D400EAB9D7 /* APMaster+CoreDataProperties.h */,
				7A4710451BE465D400EAB9D7 /* APMaster+CoreDataProperties.m */,
				7A4710461BE465D400EAB9D7 /* APMaster.h */,
				7A4710471BE465D400EAB9D7 /* APMaster.m */,
			);
			name = Entyties;
			sourceTree = "<group>";
		};
		7A47102D1BE4640800EAB9D7 /* Storyboard */ = {
			isa = PBXGroup;
			children = (
				7A47102E1BE4646800EAB9D7 /* Main.storyboard */,
				7A47102F1BE4646800EAB9D7 /* LaunchScreen.storyboard */,
			);
			name = Storyboard;
			sourceTree = "<group>";
		};
		7A4710331BE464F200EAB9D7 /* Constants */ = {
			isa = PBXGroup;
			children = (
				7A47104C1BE4662900EAB9D7 /* StoryboardConstants.h */,
				7A47104D1BE4662900EAB9D7 /* StoryboardConstants.m */,
			);
			name = Constants;
			sourceTree = "<group>";
		};
		7A47104F1BE46BDF00EAB9D7 /* MastersList */ = {
			isa = PBXGroup;
			children = (
				7A4710531BE46C3F00EAB9D7 /* APMastersList.h */,
				7A4710541BE46C3F00EAB9D7 /* APMastersList.m */,
				7A4710561BE46C5600EAB9D7 /* APMastersListModel.h */,
				7A4710571BE46C5600EAB9D7 /* APMastersListModel.m */,
			);
			name = MastersList;
			sourceTree = "<group>";
		};
		7A4710591BE47A1F00EAB9D7 /* ServiceList */ = {
			isa = PBXGroup;
			children = (
				7A47106A1BE488F100EAB9D7 /* NewService */,
				7A4710601BE47A9100EAB9D7 /* ServiceListCell */,
				7A47105A1BE47A3D00EAB9D7 /* APServiceListModel.h */,
				7A47105B1BE47A3D00EAB9D7 /* APServiceListModel.m */,
				7A47105D1BE47A5400EAB9D7 /* APServiceList.h */,
				7A47105E1BE47A5400EAB9D7 /* APServiceList.m */,
			);
			name = ServiceList;
			sourceTree = "<group>";
		};
		7A4710601BE47A9100EAB9D7 /* ServiceListCell */ = {
			isa = PBXGroup;
			children = (
				7A4710671BE4806800EAB9D7 /* APServiceListCell.h */,
				7A4710681BE4806800EAB9D7 /* APServiceListCell.m */,
			);
			name = ServiceListCell;
			sourceTree = "<group>";
		};
		7A47106A1BE488F100EAB9D7 /* NewService */ = {
			isa = PBXGroup;
			children = (
				7AFFBB691BE57D0E0057F135 /* NewServiceCell */,
				7A47106B1BE4892200EAB9D7 /* APNewService.h */,
				7A47106C1BE4892200EAB9D7 /* APNewService.m */,
			);
			name = NewService;
			sourceTree = "<group>";
		};
		7AFFBB691BE57D0E0057F135 /* NewServiceCell */ = {
			isa = PBXGroup;
			children = (
				7AFFBB6A1BE57D590057F135 /* APNewServiceCell.h */,
				7AFFBB6B1BE57D590057F135 /* APNewServiceCell.m */,
			);
			name = NewServiceCell;
			sourceTree = "<group>";
		};
		E397F72B8BE6B7A5CE43CD33 /* Frameworks */ = {
			isa = PBXGroup;
			children = (
				FED73E5F2EE316BE9F2F7D27 /* libPods.a */,
			);
			name = Frameworks;
			sourceTree = "<group>";
		};
/* End PBXGroup section */

/* Begin PBXNativeTarget section */
		7A470FF41BE4589D00EAB9D7 /* MasterServices */ = {
			isa = PBXNativeTarget;
			buildConfigurationList = 7A47100F1BE4589D00EAB9D7 /* Build configuration list for PBXNativeTarget "MasterServices" */;
			buildPhases = (
				562CDC7E4BBF6D3E67327E33 /* Check Pods Manifest.lock */,
				7A470FF11BE4589D00EAB9D7 /* Sources */,
				7A470FF21BE4589D00EAB9D7 /* Frameworks */,
				7A470FF31BE4589D00EAB9D7 /* Resources */,
				38651B0D3B920A7DB9771430 /* Copy Pods Resources */,
				7A4710321BE464AE00EAB9D7 /* Generate Storyboard Constants */,
			);
			buildRules = (
			);
			dependencies = (
			);
			name = MasterServices;
			productName = MasterServices;
			productReference = 7A470FF51BE4589D00EAB9D7 /* MasterServices.app */;
			productType = "com.apple.product-type.application";
		};
/* End PBXNativeTarget section */

/* Begin PBXProject section */
		7A470FED1BE4589D00EAB9D7 /* Project object */ = {
			isa = PBXProject;
			attributes = {
				CLASSPREFIX = AP;
				LastUpgradeCheck = 0700;
				ORGANIZATIONNAME = inov;
				TargetAttributes = {
					7A470FF41BE4589D00EAB9D7 = {
						CreatedOnToolsVersion = 7.0;
						DevelopmentTeam = R8ND3H2VPD;
					};
				};
			};
			buildConfigurationList = 7A470FF01BE4589D00EAB9D7 /* Build configuration list for PBXProject "MasterServices" */;
			compatibilityVersion = "Xcode 3.2";
			developmentRegion = English;
			hasScannedForEncodings = 0;
			knownRegions = (
				en,
				Base,
			);
			mainGroup = 7A470FEC1BE4589D00EAB9D7;
			productRefGroup = 7A470FF61BE4589D00EAB9D7 /* Products */;
			projectDirPath = "";
			projectRoot = "";
			targets = (
				7A470FF41BE4589D00EAB9D7 /* MasterServices */,
			);
		};
/* End PBXProject section */

/* Begin PBXResourcesBuildPhase section */
		7A470FF31BE4589D00EAB9D7 /* Resources */ = {
			isa = PBXResourcesBuildPhase;
			buildActionMask = 2147483647;
			files = (
				7A4710301BE4646800EAB9D7 /* Main.storyboard in Resources */,
				7A4710311BE4646800EAB9D7 /* LaunchScreen.storyboard in Resources */,
				7A4710081BE4589D00EAB9D7 /* Assets.xcassets in Resources */,
			);
			runOnlyForDeploymentPostprocessing = 0;
		};
/* End PBXResourcesBuildPhase section */

/* Begin PBXShellScriptBuildPhase section */
		38651B0D3B920A7DB9771430 /* Copy Pods Resources */ = {
			isa = PBXShellScriptBuildPhase;
			buildActionMask = 2147483647;
			files = (
			);
			inputPaths = (
			);
			name = "Copy Pods Resources";
			outputPaths = (
			);
			runOnlyForDeploymentPostprocessing = 0;
			shellPath = /bin/sh;
			shellScript = "\"${SRCROOT}/Pods/Target Support Files/Pods/Pods-resources.sh\"\n";
			showEnvVarsInLog = 0;
		};
		562CDC7E4BBF6D3E67327E33 /* Check Pods Manifest.lock */ = {
			isa = PBXShellScriptBuildPhase;
			buildActionMask = 2147483647;
			files = (
			);
			inputPaths = (
			);
			name = "Check Pods Manifest.lock";
			outputPaths = (
			);
			runOnlyForDeploymentPostprocessing = 0;
			shellPath = /bin/sh;
			shellScript = "diff \"${PODS_ROOT}/../Podfile.lock\" \"${PODS_ROOT}/Manifest.lock\" > /dev/null\nif [[ $? != 0 ]] ; then\n    cat << EOM\nerror: The sandbox is not in sync with the Podfile.lock. Run 'pod install' or update your CocoaPods installation.\nEOM\n    exit 1\nfi\n";
			showEnvVarsInLog = 0;
		};
		7A4710321BE464AE00EAB9D7 /* Generate Storyboard Constants */ = {
			isa = PBXShellScriptBuildPhase;
			buildActionMask = 2147483647;
			files = (
			);
			inputPaths = (
				"$(SRCROOT)/$(PROJECT_NAME)/Storyboard/Main.storyboard",
			);
			name = "Generate Storyboard Constants";
			outputPaths = (
				"${SRCROOT}/$(PROJECT_NAME)/Supporting Files/Constants/StoryboardConstants.h",
				"${SRCROOT}/$(PROJECT_NAME)/Supporting Files/Constants/StoryboardConstants.m",
			);
			runOnlyForDeploymentPostprocessing = 0;
			shellPath = /bin/sh;
			shellScript = "python \"${SRCROOT}/Scripts/generate_constants.py\" \"${SCRIPT_OUTPUT_FILE_0}\" \"${SCRIPT_OUTPUT_FILE_1}\"";
		};
/* End PBXShellScriptBuildPhase section */

/* Begin PBXSourcesBuildPhase section */
		7A470FF11BE4589D00EAB9D7 /* Sources */ = {
			isa = PBXSourcesBuildPhase;
			buildActionMask = 2147483647;
			files = (
				7A4710491BE465D400EAB9D7 /* APService.m in Sources */,
				7A47104A1BE465D400EAB9D7 /* APMaster+CoreDataProperties.m in Sources */,
				7A4710551BE46C3F00EAB9D7 /* APMastersList.m in Sources */,
				7A47105F1BE47A5400EAB9D7 /* APServiceList.m in Sources */,
				7A4710691BE4806800EAB9D7 /* APServiceListCell.m in Sources */,
				7A47106D1BE4892200EAB9D7 /* APNewService.m in Sources */,
				7A47104B1BE465D400EAB9D7 /* APMaster.m in Sources */,
				7A470FFD1BE4589D00EAB9D7 /* AppDelegate.m in Sources */,
				7A4710171BE461FB00EAB9D7 /* CoreDataManager.m in Sources */,
				7AFFBB6C1BE57D590057F135 /* APNewServiceCell.m in Sources */,
				7A47102C1BE463FD00EAB9D7 /* main.m in Sources */,
				7A4710481BE465D400EAB9D7 /* APService+CoreDataProperties.m in Sources */,
				7A47101A1BE4622E00EAB9D7 /* MasterServices.xcdatamodeld in Sources */,
				7A4710581BE46C5600EAB9D7 /* APMastersListModel.m in Sources */,
				7A47105C1BE47A3D00EAB9D7 /* APServiceListModel.m in Sources */,
				7A47104E1BE4662900EAB9D7 /* StoryboardConstants.m in Sources */,
			);
			runOnlyForDeploymentPostprocessing = 0;
		};
/* End PBXSourcesBuildPhase section */

/* Begin XCBuildConfiguration section */
		7A47100D1BE4589D00EAB9D7 /* Debug */ = {
			isa = XCBuildConfiguration;
			buildSettings = {
				ALWAYS_SEARCH_USER_PATHS = NO;
				CLANG_CXX_LANGUAGE_STANDARD = "gnu++0x";
				CLANG_CXX_LIBRARY = "libc++";
				CLANG_ENABLE_MODULES = YES;
				CLANG_ENABLE_OBJC_ARC = YES;
				CLANG_WARN_BOOL_CONVERSION = YES;
				CLANG_WARN_CONSTANT_CONVERSION = YES;
				CLANG_WARN_DIRECT_OBJC_ISA_USAGE = YES_ERROR;
				CLANG_WARN_EMPTY_BODY = YES;
				CLANG_WARN_ENUM_CONVERSION = YES;
				CLANG_WARN_INT_CONVERSION = YES;
				CLANG_WARN_OBJC_ROOT_CLASS = YES_ERROR;
				CLANG_WARN_UNREACHABLE_CODE = YES;
				CLANG_WARN__DUPLICATE_METHOD_MATCH = YES;
				"CODE_SIGN_IDENTITY[sdk=iphoneos*]" = "iPhone Developer";
				COPY_PHASE_STRIP = NO;
				DEBUG_INFORMATION_FORMAT = dwarf;
				ENABLE_STRICT_OBJC_MSGSEND = YES;
				ENABLE_TESTABILITY = YES;
				GCC_C_LANGUAGE_STANDARD = gnu99;
				GCC_DYNAMIC_NO_PIC = NO;
				GCC_NO_COMMON_BLOCKS = YES;
				GCC_OPTIMIZATION_LEVEL = 0;
				GCC_PREPROCESSOR_DEFINITIONS = (
					"DEBUG=1",
					"$(inherited)",
				);
				GCC_WARN_64_TO_32_BIT_CONVERSION = YES;
				GCC_WARN_ABOUT_RETURN_TYPE = YES_ERROR;
				GCC_WARN_UNDECLARED_SELECTOR = YES;
				GCC_WARN_UNINITIALIZED_AUTOS = YES_AGGRESSIVE;
				GCC_WARN_UNUSED_FUNCTION = YES;
				GCC_WARN_UNUSED_VARIABLE = YES;
				IPHONEOS_DEPLOYMENT_TARGET = 9.0;
				MTL_ENABLE_DEBUG_INFO = YES;
				ONLY_ACTIVE_ARCH = YES;
				SDKROOT = iphoneos;
			};
			name = Debug;
		};
		7A47100E1BE4589D00EAB9D7 /* Release */ = {
			isa = XCBuildConfiguration;
			buildSettings = {
				ALWAYS_SEARCH_USER_PATHS = NO;
				CLANG_CXX_LANGUAGE_STANDARD = "gnu++0x";
				CLANG_CXX_LIBRARY = "libc++";
				CLANG_ENABLE_MODULES = YES;
				CLANG_ENABLE_OBJC_ARC = YES;
				CLANG_WARN_BOOL_CONVERSION = YES;
				CLANG_WARN_CONSTANT_CONVERSION = YES;
				CLANG_WARN_DIRECT_OBJC_ISA_USAGE = YES_ERROR;
				CLANG_WARN_EMPTY_BODY = YES;
				CLANG_WARN_ENUM_CONVERSION = YES;
				CLANG_WARN_INT_CONVERSION = YES;
				CLANG_WARN_OBJC_ROOT_CLASS = YES_ERROR;
				CLANG_WARN_UNREACHABLE_CODE = YES;
				CLANG_WARN__DUPLICATE_METHOD_MATCH = YES;
				"CODE_SIGN_IDENTITY[sdk=iphoneos*]" = "iPhone Developer";
				COPY_PHASE_STRIP = NO;
				DEBUG_INFORMATION_FORMAT = "dwarf-with-dsym";
				ENABLE_NS_ASSERTIONS = NO;
				ENABLE_STRICT_OBJC_MSGSEND = YES;
				GCC_C_LANGUAGE_STANDARD = gnu99;
				GCC_NO_COMMON_BLOCKS = YES;
				GCC_WARN_64_TO_32_BIT_CONVERSION = YES;
				GCC_WARN_ABOUT_RETURN_TYPE = YES_ERROR;
				GCC_WARN_UNDECLARED_SELECTOR = YES;
				GCC_WARN_UNINITIALIZED_AUTOS = YES_AGGRESSIVE;
				GCC_WARN_UNUSED_FUNCTION = YES;
				GCC_WARN_UNUSED_VARIABLE = YES;
				IPHONEOS_DEPLOYMENT_TARGET = 9.0;
				MTL_ENABLE_DEBUG_INFO = NO;
				SDKROOT = iphoneos;
				VALIDATE_PRODUCT = YES;
			};
			name = Release;
		};
		7A4710101BE4589D00EAB9D7 /* Debug */ = {
			isa = XCBuildConfiguration;
			baseConfigurationReference = 9AB252C9E3FEF89F80751B02 /* Pods.debug.xcconfig */;
			buildSettings = {
				ASSETCATALOG_COMPILER_APPICON_NAME = AppIcon;
				GCC_PREFIX_HEADER = "MasterServices/Supporting Files/MasterServices.pch";
				INFOPLIST_FILE = "MasterServices/Supporting Files/Info.plist";
				LD_RUNPATH_SEARCH_PATHS = "$(inherited) @executable_path/Frameworks";
				PRODUCT_BUNDLE_IDENTIFIER = com.AP.MasterServices;
				PRODUCT_NAME = "$(TARGET_NAME)";
			};
			name = Debug;
		};
		7A4710111BE4589D00EAB9D7 /* Release */ = {
			isa = XCBuildConfiguration;
			baseConfigurationReference = B7B4BB6423B48EAE146B75F8 /* Pods.release.xcconfig */;
			buildSettings = {
				ASSETCATALOG_COMPILER_APPICON_NAME = AppIcon;
				GCC_PREFIX_HEADER = "MasterServices/Supporting Files/MasterServices.pch";
				INFOPLIST_FILE = "MasterServices/Supporting Files/Info.plist";
				LD_RUNPATH_SEARCH_PATHS = "$(inherited) @executable_path/Frameworks";
				PRODUCT_BUNDLE_IDENTIFIER = com.AP.MasterServices;
				PRODUCT_NAME = "$(TARGET_NAME)";
			};
			name = Release;
		};
/* End XCBuildConfiguration section */

/* Begin XCConfigurationList section */
		7A470FF01BE4589D00EAB9D7 /* Build configuration list for PBXProject "MasterServices" */ = {
			isa = XCConfigurationList;
			buildConfigurations = (
				7A47100D1BE4589D00EAB9D7 /* Debug */,
				7A47100E1BE4589D00EAB9D7 /* Release */,
			);
			defaultConfigurationIsVisible = 0;
			defaultConfigurationName = Release;
		};
		7A47100F1BE4589D00EAB9D7 /* Build configuration list for PBXNativeTarget "MasterServices" */ = {
			isa = XCConfigurationList;
			buildConfigurations = (
				7A4710101BE4589D00EAB9D7 /* Debug */,
				7A4710111BE4589D00EAB9D7 /* Release */,
			);
			defaultConfigurationIsVisible = 0;
			defaultConfigurationName = Release;
		};
/* End XCConfigurationList section */

/* Begin XCVersionGroup section */
		7A4710181BE4622E00EAB9D7 /* MasterServices.xcdatamodeld */ = {
			isa = XCVersionGroup;
			children = (
				7A4710191BE4622E00EAB9D7 /* MasterServices.xcdatamodel */,
			);
			currentVersion = 7A4710191BE4622E00EAB9D7 /* MasterServices.xcdatamodel */;
			name = MasterServices.xcdatamodeld;
			path = CoreData/MasterServices.xcdatamodeld;
			sourceTree = "<group>";
			versionGroupType = wrapper.xcdatamodel;
		};
/* End XCVersionGroup section */
	};
	rootObject = 7A470FED1BE4589D00EAB9D7 /* Project object */;
}
